// !$*UTF8*$!
{
	archiveVersion = 1;
	classes = {
	};
	objectVersion = 46;
	objects = {

/* Begin PBXBuildFile section */
		070459131DF77E2000A83366 /* Media.xcassets in Resources */ = {isa = PBXBuildFile; fileRef = 070459121DF77E2000A83366 /* Media.xcassets */; };
		070E2A1A1DF773F4008F4845 /* Alamofire.framework in Frameworks */ = {isa = PBXBuildFile; fileRef = 078A820C1DF66BA5001F069B /* Alamofire.framework */; };
		070E2A1B1DF773F4008F4845 /* Alamofire.framework in Embed Frameworks */ = {isa = PBXBuildFile; fileRef = 078A820C1DF66BA5001F069B /* Alamofire.framework */; settings = {ATTRIBUTES = (CodeSignOnCopy, RemoveHeadersOnCopy, ); }; };
		070E2A1C1DF773F4008F4845 /* ArithmeticTools.framework in Frameworks */ = {isa = PBXBuildFile; fileRef = 078A820D1DF66BA5001F069B /* ArithmeticTools.framework */; };
		070E2A1D1DF773F4008F4845 /* ArithmeticTools.framework in Embed Frameworks */ = {isa = PBXBuildFile; fileRef = 078A820D1DF66BA5001F069B /* ArithmeticTools.framework */; settings = {ATTRIBUTES = (CodeSignOnCopy, RemoveHeadersOnCopy, ); }; };
		070E2A1E1DF773F4008F4845 /* ArrayTools.framework in Frameworks */ = {isa = PBXBuildFile; fileRef = 078A820E1DF66BA5001F069B /* ArrayTools.framework */; };
		070E2A1F1DF773F4008F4845 /* ArrayTools.framework in Embed Frameworks */ = {isa = PBXBuildFile; fileRef = 078A820E1DF66BA5001F069B /* ArrayTools.framework */; settings = {ATTRIBUTES = (CodeSignOnCopy, RemoveHeadersOnCopy, ); }; };
		070E2A201DF773F4008F4845 /* AudioKit.framework in Frameworks */ = {isa = PBXBuildFile; fileRef = 078A820F1DF66BA5001F069B /* AudioKit.framework */; };
		070E2A211DF773F4008F4845 /* AudioKit.framework in Embed Frameworks */ = {isa = PBXBuildFile; fileRef = 078A820F1DF66BA5001F069B /* AudioKit.framework */; settings = {ATTRIBUTES = (CodeSignOnCopy, RemoveHeadersOnCopy, ); }; };
		070E2A221DF773F4008F4845 /* DictionaryTools.framework in Frameworks */ = {isa = PBXBuildFile; fileRef = 078A82101DF66BA5001F069B /* DictionaryTools.framework */; };
		070E2A231DF773F4008F4845 /* DictionaryTools.framework in Embed Frameworks */ = {isa = PBXBuildFile; fileRef = 078A82101DF66BA5001F069B /* DictionaryTools.framework */; settings = {ATTRIBUTES = (CodeSignOnCopy, RemoveHeadersOnCopy, ); }; };
		070E2A241DF773F4008F4845 /* ProgressBar.framework in Frameworks */ = {isa = PBXBuildFile; fileRef = 078A82111DF66BA5001F069B /* ProgressBar.framework */; };
		070E2A251DF773F4008F4845 /* ProgressBar.framework in Embed Frameworks */ = {isa = PBXBuildFile; fileRef = 078A82111DF66BA5001F069B /* ProgressBar.framework */; settings = {ATTRIBUTES = (CodeSignOnCopy, RemoveHeadersOnCopy, ); }; };
		070E2A261DF773F4008F4845 /* Timeline.framework in Frameworks */ = {isa = PBXBuildFile; fileRef = 078A82121DF66BA5001F069B /* Timeline.framework */; };
		070E2A271DF773F4008F4845 /* Timeline.framework in Embed Frameworks */ = {isa = PBXBuildFile; fileRef = 078A82121DF66BA5001F069B /* Timeline.framework */; settings = {ATTRIBUTES = (CodeSignOnCopy, RemoveHeadersOnCopy, ); }; };
		078A81EC1DF66942001F069B /* AppDelegate.swift in Sources */ = {isa = PBXBuildFile; fileRef = 078A81EB1DF66942001F069B /* AppDelegate.swift */; };
		078A81F31DF66943001F069B /* Assets.xcassets in Resources */ = {isa = PBXBuildFile; fileRef = 078A81F21DF66943001F069B /* Assets.xcassets */; };
		078A81F61DF66943001F069B /* LaunchScreen.storyboard in Resources */ = {isa = PBXBuildFile; fileRef = 078A81F41DF66943001F069B /* LaunchScreen.storyboard */; };
		078A82011DF66943001F069B /* Voice_Unrooted_iOSTests.swift in Sources */ = {isa = PBXBuildFile; fileRef = 078A82001DF66943001F069B /* Voice_Unrooted_iOSTests.swift */; };
		078A82261DF66CED001F069B /* a440.caf in Resources */ = {isa = PBXBuildFile; fileRef = 078A82241DF66CED001F069B /* a440.caf */; };
		078A82271DF66CED001F069B /* loudspeakertest.caf in Resources */ = {isa = PBXBuildFile; fileRef = 078A82251DF66CED001F069B /* loudspeakertest.caf */; };
		078A822D1DF66DEC001F069B /* Main.storyboard in Resources */ = {isa = PBXBuildFile; fileRef = 078A822C1DF66DEC001F069B /* Main.storyboard */; };
		078A82301DF66E1C001F069B /* MainViewController.swift in Sources */ = {isa = PBXBuildFile; fileRef = 078A822F1DF66E1C001F069B /* MainViewController.swift */; };
		078A82361DF66E3B001F069B /* Event.swift in Sources */ = {isa = PBXBuildFile; fileRef = 078A82311DF66E3B001F069B /* Event.swift */; };
		078A82371DF66E3B001F069B /* Event+YAML.swift in Sources */ = {isa = PBXBuildFile; fileRef = 078A82321DF66E3B001F069B /* Event+YAML.swift */; };
		078A82381DF66E3B001F069B /* EventCollection.swift in Sources */ = {isa = PBXBuildFile; fileRef = 078A82331DF66E3B001F069B /* EventCollection.swift */; };
		078A82391DF66E3B001F069B /* EventCollection+YAML.swift in Sources */ = {isa = PBXBuildFile; fileRef = 078A82341DF66E3B001F069B /* EventCollection+YAML.swift */; };
		078A823A1DF66E3B001F069B /* DataStore.swift in Sources */ = {isa = PBXBuildFile; fileRef = 078A82351DF66E3B001F069B /* DataStore.swift */; };
		078A823E1DF66E55001F069B /* AudioPlayerPool.swift in Sources */ = {isa = PBXBuildFile; fileRef = 078A823B1DF66E55001F069B /* AudioPlayerPool.swift */; };
		078A823F1DF66E55001F069B /* Fader.swift in Sources */ = {isa = PBXBuildFile; fileRef = 078A823C1DF66E55001F069B /* Fader.swift */; };
		078A82421DF66E61001F069B /* DownloadPermissionAlertController.swift in Sources */ = {isa = PBXBuildFile; fileRef = 078A82411DF66E61001F069B /* DownloadPermissionAlertController.swift */; };
		078A82451DF66E68001F069B /* SelectEventViewController.swift in Sources */ = {isa = PBXBuildFile; fileRef = 078A82431DF66E68001F069B /* SelectEventViewController.swift */; };
		078A82461DF66E68001F069B /* SettingsViewController.swift in Sources */ = {isa = PBXBuildFile; fileRef = 078A82441DF66E68001F069B /* SettingsViewController.swift */; };
		078A82481DF66E8B001F069B /* Color.swift in Sources */ = {isa = PBXBuildFile; fileRef = 078A82471DF66E8B001F069B /* Color.swift */; };
		078A824A1DF66E90001F069B /* DefaultValues.swift in Sources */ = {isa = PBXBuildFile; fileRef = 078A82491DF66E90001F069B /* DefaultValues.swift */; };
		078A825E1DF67255001F069B /* Yaml.swift in Sources */ = {isa = PBXBuildFile; fileRef = 078A82581DF67255001F069B /* Yaml.swift */; };
		078A825F1DF67255001F069B /* YAMLOperators.swift in Sources */ = {isa = PBXBuildFile; fileRef = 078A82591DF67255001F069B /* YAMLOperators.swift */; };
		078A82601DF67255001F069B /* YAMLParser.swift in Sources */ = {isa = PBXBuildFile; fileRef = 078A825A1DF67255001F069B /* YAMLParser.swift */; };
		078A82611DF67255001F069B /* YAMLRegex.swift in Sources */ = {isa = PBXBuildFile; fileRef = 078A825B1DF67255001F069B /* YAMLRegex.swift */; };
		078A82621DF67255001F069B /* YAMLResult.swift in Sources */ = {isa = PBXBuildFile; fileRef = 078A825C1DF67255001F069B /* YAMLResult.swift */; };
		078A82631DF67255001F069B /* YAMLTokenizer.swift in Sources */ = {isa = PBXBuildFile; fileRef = 078A825D1DF67255001F069B /* YAMLTokenizer.swift */; };
		078A82661DF6765A001F069B /* ProgressMeterView.m in Sources */ = {isa = PBXBuildFile; fileRef = 078A82651DF6765A001F069B /* ProgressMeterView.m */; };
/* End PBXBuildFile section */

/* Begin PBXContainerItemProxy section */
		078A81FD1DF66943001F069B /* PBXContainerItemProxy */ = {
			isa = PBXContainerItemProxy;
			containerPortal = 078A81E01DF66942001F069B /* Project object */;
			proxyType = 1;
			remoteGlobalIDString = 078A81E71DF66942001F069B;
			remoteInfo = "Voice Unrooted iOS";
		};
/* End PBXContainerItemProxy section */

/* Begin PBXCopyFilesBuildPhase section */
		070E2A281DF773F4008F4845 /* Embed Frameworks */ = {
			isa = PBXCopyFilesBuildPhase;
			buildActionMask = 2147483647;
			dstPath = "";
			dstSubfolderSpec = 10;
			files = (
				070E2A211DF773F4008F4845 /* AudioKit.framework in Embed Frameworks */,
				070E2A251DF773F4008F4845 /* ProgressBar.framework in Embed Frameworks */,
				070E2A271DF773F4008F4845 /* Timeline.framework in Embed Frameworks */,
				070E2A231DF773F4008F4845 /* DictionaryTools.framework in Embed Frameworks */,
				070E2A1D1DF773F4008F4845 /* ArithmeticTools.framework in Embed Frameworks */,
				070E2A1F1DF773F4008F4845 /* ArrayTools.framework in Embed Frameworks */,
				070E2A1B1DF773F4008F4845 /* Alamofire.framework in Embed Frameworks */,
			);
			name = "Embed Frameworks";
			runOnlyForDeploymentPostprocessing = 0;
		};
/* End PBXCopyFilesBuildPhase section */

/* Begin PBXFileReference section */
		070459121DF77E2000A83366 /* Media.xcassets */ = {isa = PBXFileReference; lastKnownFileType = folder.assetcatalog; path = Media.xcassets; sourceTree = "<group>"; };
		078A81E81DF66942001F069B /* Voice Unrooted iOS.app */ = {isa = PBXFileReference; explicitFileType = wrapper.application; includeInIndex = 0; path = "Voice Unrooted iOS.app"; sourceTree = BUILT_PRODUCTS_DIR; };
		078A81EB1DF66942001F069B /* AppDelegate.swift */ = {isa = PBXFileReference; lastKnownFileType = sourcecode.swift; path = AppDelegate.swift; sourceTree = "<group>"; };
		078A81F21DF66943001F069B /* Assets.xcassets */ = {isa = PBXFileReference; lastKnownFileType = folder.assetcatalog; name = Assets.xcassets; path = "Voice Unrooted iOS/Assets.xcassets"; sourceTree = "<group>"; };
		078A81F51DF66943001F069B /* Base */ = {isa = PBXFileReference; lastKnownFileType = file.storyboard; name = Base; path = Base.lproj/LaunchScreen.storyboard; sourceTree = "<group>"; };
		078A81F71DF66943001F069B /* Info.plist */ = {isa = PBXFileReference; lastKnownFileType = text.plist.xml; name = Info.plist; path = "Voice Unrooted iOS/Info.plist"; sourceTree = "<group>"; };
		078A81FC1DF66943001F069B /* Voice Unrooted iOSTests.xctest */ = {isa = PBXFileReference; explicitFileType = wrapper.cfbundle; includeInIndex = 0; path = "Voice Unrooted iOSTests.xctest"; sourceTree = BUILT_PRODUCTS_DIR; };
		078A82001DF66943001F069B /* Voice_Unrooted_iOSTests.swift */ = {isa = PBXFileReference; lastKnownFileType = sourcecode.swift; path = Voice_Unrooted_iOSTests.swift; sourceTree = "<group>"; };
		078A82021DF66943001F069B /* Info.plist */ = {isa = PBXFileReference; lastKnownFileType = text.plist.xml; path = Info.plist; sourceTree = "<group>"; };
		078A820C1DF66BA5001F069B /* Alamofire.framework */ = {isa = PBXFileReference; lastKnownFileType = wrapper.framework; name = Alamofire.framework; path = Carthage/Build/iOS/Alamofire.framework; sourceTree = "<group>"; };
		078A820D1DF66BA5001F069B /* ArithmeticTools.framework */ = {isa = PBXFileReference; lastKnownFileType = wrapper.framework; name = ArithmeticTools.framework; path = Carthage/Build/iOS/ArithmeticTools.framework; sourceTree = "<group>"; };
		078A820E1DF66BA5001F069B /* ArrayTools.framework */ = {isa = PBXFileReference; lastKnownFileType = wrapper.framework; name = ArrayTools.framework; path = Carthage/Build/iOS/ArrayTools.framework; sourceTree = "<group>"; };
		078A820F1DF66BA5001F069B /* AudioKit.framework */ = {isa = PBXFileReference; lastKnownFileType = wrapper.framework; name = AudioKit.framework; path = Carthage/Build/iOS/AudioKit.framework; sourceTree = "<group>"; };
		078A82101DF66BA5001F069B /* DictionaryTools.framework */ = {isa = PBXFileReference; lastKnownFileType = wrapper.framework; name = DictionaryTools.framework; path = Carthage/Build/iOS/DictionaryTools.framework; sourceTree = "<group>"; };
		078A82111DF66BA5001F069B /* ProgressBar.framework */ = {isa = PBXFileReference; lastKnownFileType = wrapper.framework; name = ProgressBar.framework; path = Carthage/Build/iOS/ProgressBar.framework; sourceTree = "<group>"; };
		078A82121DF66BA5001F069B /* Timeline.framework */ = {isa = PBXFileReference; lastKnownFileType = wrapper.framework; name = Timeline.framework; path = Carthage/Build/iOS/Timeline.framework; sourceTree = "<group>"; };
		078A821E1DF66C93001F069B /* Bridging-Header.h */ = {isa = PBXFileReference; lastKnownFileType = sourcecode.c.h; path = "Bridging-Header.h"; sourceTree = "<group>"; };
		078A82241DF66CED001F069B /* a440.caf */ = {isa = PBXFileReference; lastKnownFileType = file; path = a440.caf; sourceTree = "<group>"; };
		078A82251DF66CED001F069B /* loudspeakertest.caf */ = {isa = PBXFileReference; lastKnownFileType = file; path = loudspeakertest.caf; sourceTree = "<group>"; };
		078A822C1DF66DEC001F069B /* Main.storyboard */ = {isa = PBXFileReference; fileEncoding = 4; lastKnownFileType = file.storyboard; path = Main.storyboard; sourceTree = "<group>"; };
		078A822F1DF66E1C001F069B /* MainViewController.swift */ = {isa = PBXFileReference; fileEncoding = 4; lastKnownFileType = sourcecode.swift; path = MainViewController.swift; sourceTree = "<group>"; };
		078A82311DF66E3B001F069B /* Event.swift */ = {isa = PBXFileReference; fileEncoding = 4; lastKnownFileType = sourcecode.swift; path = Event.swift; sourceTree = "<group>"; };
		078A82321DF66E3B001F069B /* Event+YAML.swift */ = {isa = PBXFileReference; fileEncoding = 4; lastKnownFileType = sourcecode.swift; path = "Event+YAML.swift"; sourceTree = "<group>"; };
		078A82331DF66E3B001F069B /* EventCollection.swift */ = {isa = PBXFileReference; fileEncoding = 4; lastKnownFileType = sourcecode.swift; path = EventCollection.swift; sourceTree = "<group>"; };
		078A82341DF66E3B001F069B /* EventCollection+YAML.swift */ = {isa = PBXFileReference; fileEncoding = 4; lastKnownFileType = sourcecode.swift; path = "EventCollection+YAML.swift"; sourceTree = "<group>"; };
		078A82351DF66E3B001F069B /* DataStore.swift */ = {isa = PBXFileReference; fileEncoding = 4; lastKnownFileType = sourcecode.swift; path = DataStore.swift; sourceTree = "<group>"; };
		078A823B1DF66E55001F069B /* AudioPlayerPool.swift */ = {isa = PBXFileReference; fileEncoding = 4; lastKnownFileType = sourcecode.swift; path = AudioPlayerPool.swift; sourceTree = "<group>"; };
		078A823C1DF66E55001F069B /* Fader.swift */ = {isa = PBXFileReference; fileEncoding = 4; lastKnownFileType = sourcecode.swift; path = Fader.swift; sourceTree = "<group>"; };
		078A82411DF66E61001F069B /* DownloadPermissionAlertController.swift */ = {isa = PBXFileReference; fileEncoding = 4; lastKnownFileType = sourcecode.swift; path = DownloadPermissionAlertController.swift; sourceTree = "<group>"; };
		078A82431DF66E68001F069B /* SelectEventViewController.swift */ = {isa = PBXFileReference; fileEncoding = 4; lastKnownFileType = sourcecode.swift; path = SelectEventViewController.swift; sourceTree = "<group>"; };
		078A82441DF66E68001F069B /* SettingsViewController.swift */ = {isa = PBXFileReference; fileEncoding = 4; lastKnownFileType = sourcecode.swift; path = SettingsViewController.swift; sourceTree = "<group>"; };
		078A82471DF66E8B001F069B /* Color.swift */ = {isa = PBXFileReference; fileEncoding = 4; lastKnownFileType = sourcecode.swift; path = Color.swift; sourceTree = "<group>"; };
		078A82491DF66E90001F069B /* DefaultValues.swift */ = {isa = PBXFileReference; fileEncoding = 4; lastKnownFileType = sourcecode.swift; path = DefaultValues.swift; sourceTree = "<group>"; };
		078A82581DF67255001F069B /* Yaml.swift */ = {isa = PBXFileReference; fileEncoding = 4; lastKnownFileType = sourcecode.swift; name = Yaml.swift; path = "Voice Unrooted iOS/YamlSwift/Yaml.swift"; sourceTree = "<group>"; };
		078A82591DF67255001F069B /* YAMLOperators.swift */ = {isa = PBXFileReference; fileEncoding = 4; lastKnownFileType = sourcecode.swift; name = YAMLOperators.swift; path = "Voice Unrooted iOS/YamlSwift/YAMLOperators.swift"; sourceTree = "<group>"; };
		078A825A1DF67255001F069B /* YAMLParser.swift */ = {isa = PBXFileReference; fileEncoding = 4; lastKnownFileType = sourcecode.swift; name = YAMLParser.swift; path = "Voice Unrooted iOS/YamlSwift/YAMLParser.swift"; sourceTree = "<group>"; };
		078A825B1DF67255001F069B /* YAMLRegex.swift */ = {isa = PBXFileReference; fileEncoding = 4; lastKnownFileType = sourcecode.swift; name = YAMLRegex.swift; path = "Voice Unrooted iOS/YamlSwift/YAMLRegex.swift"; sourceTree = "<group>"; };
		078A825C1DF67255001F069B /* YAMLResult.swift */ = {isa = PBXFileReference; fileEncoding = 4; lastKnownFileType = sourcecode.swift; name = YAMLResult.swift; path = "Voice Unrooted iOS/YamlSwift/YAMLResult.swift"; sourceTree = "<group>"; };
		078A825D1DF67255001F069B /* YAMLTokenizer.swift */ = {isa = PBXFileReference; fileEncoding = 4; lastKnownFileType = sourcecode.swift; name = YAMLTokenizer.swift; path = "Voice Unrooted iOS/YamlSwift/YAMLTokenizer.swift"; sourceTree = "<group>"; };
		078A82641DF6765A001F069B /* ProgressMeterView.h */ = {isa = PBXFileReference; fileEncoding = 4; lastKnownFileType = sourcecode.c.h; name = ProgressMeterView.h; path = "Voice Unrooted iOS/ProgressMeterView/ProgressMeterView.h"; sourceTree = "<group>"; };
		078A82651DF6765A001F069B /* ProgressMeterView.m */ = {isa = PBXFileReference; fileEncoding = 4; lastKnownFileType = sourcecode.c.objc; name = ProgressMeterView.m; path = "Voice Unrooted iOS/ProgressMeterView/ProgressMeterView.m"; sourceTree = "<group>"; };
/* End PBXFileReference section */

/* Begin PBXFrameworksBuildPhase section */
		078A81E51DF66942001F069B /* Frameworks */ = {
			isa = PBXFrameworksBuildPhase;
			buildActionMask = 2147483647;
			files = (
				070E2A1E1DF773F4008F4845 /* ArrayTools.framework in Frameworks */,
				070E2A1C1DF773F4008F4845 /* ArithmeticTools.framework in Frameworks */,
				070E2A241DF773F4008F4845 /* ProgressBar.framework in Frameworks */,
				070E2A221DF773F4008F4845 /* DictionaryTools.framework in Frameworks */,
				070E2A201DF773F4008F4845 /* AudioKit.framework in Frameworks */,
				070E2A261DF773F4008F4845 /* Timeline.framework in Frameworks */,
				070E2A1A1DF773F4008F4845 /* Alamofire.framework in Frameworks */,
			);
			runOnlyForDeploymentPostprocessing = 0;
		};
		078A81F91DF66943001F069B /* Frameworks */ = {
			isa = PBXFrameworksBuildPhase;
			buildActionMask = 2147483647;
			files = (
			);
			runOnlyForDeploymentPostprocessing = 0;
		};
/* End PBXFrameworksBuildPhase section */

/* Begin PBXGroup section */
		078A81DF1DF66942001F069B = {
			isa = PBXGroup;
			children = (
				078A82221DF66CD2001F069B /* Supporting Files */,
				078A821C1DF66BA8001F069B /* Frameworks */,
				078A81EA1DF66942001F069B /* Voice Unrooted iOS */,
				078A81FF1DF66943001F069B /* Voice Unrooted iOSTests */,
				078A81E91DF66942001F069B /* Products */,
			);
			sourceTree = "<group>";
		};
		078A81E91DF66942001F069B /* Products */ = {
			isa = PBXGroup;
			children = (
				078A81E81DF66942001F069B /* Voice Unrooted iOS.app */,
				078A81FC1DF66943001F069B /* Voice Unrooted iOSTests.xctest */,
			);
			name = Products;
			sourceTree = "<group>";
		};
		078A81EA1DF66942001F069B /* Voice Unrooted iOS */ = {
			isa = PBXGroup;
			children = (
				078A822B1DF66D73001F069B /* Storyboards */,
				078A822A1DF66D67001F069B /* Score */,
				078A82291DF66D57001F069B /* Audio Playback */,
				078A82281DF66D51001F069B /* ViewControllers */,
				078A81EB1DF66942001F069B /* AppDelegate.swift */,
				078A82491DF66E90001F069B /* DefaultValues.swift */,
				078A81F41DF66943001F069B /* LaunchScreen.storyboard */,
			);
			path = "Voice Unrooted iOS";
			sourceTree = "<group>";
		};
		078A81FF1DF66943001F069B /* Voice Unrooted iOSTests */ = {
			isa = PBXGroup;
			children = (
				078A82001DF66943001F069B /* Voice_Unrooted_iOSTests.swift */,
				078A82021DF66943001F069B /* Info.plist */,
			);
			path = "Voice Unrooted iOSTests";
			sourceTree = "<group>";
		};
		078A821C1DF66BA8001F069B /* Frameworks */ = {
			isa = PBXGroup;
			children = (
				078A824B1DF66ED3001F069B /* YamlSwift */,
				078A821D1DF66C82001F069B /* ProgressMeterView */,
				078A820C1DF66BA5001F069B /* Alamofire.framework */,
				078A820D1DF66BA5001F069B /* ArithmeticTools.framework */,
				078A820E1DF66BA5001F069B /* ArrayTools.framework */,
				078A820F1DF66BA5001F069B /* AudioKit.framework */,
				078A82101DF66BA5001F069B /* DictionaryTools.framework */,
				078A82111DF66BA5001F069B /* ProgressBar.framework */,
				078A82121DF66BA5001F069B /* Timeline.framework */,
			);
			name = Frameworks;
			sourceTree = "<group>";
		};
		078A821D1DF66C82001F069B /* ProgressMeterView */ = {
			isa = PBXGroup;
			children = (
				078A82641DF6765A001F069B /* ProgressMeterView.h */,
				078A82651DF6765A001F069B /* ProgressMeterView.m */,
			);
			name = ProgressMeterView;
			sourceTree = "<group>";
		};
		078A82221DF66CD2001F069B /* Supporting Files */ = {
			isa = PBXGroup;
			children = (
				078A82231DF66CE0001F069B /* Audio */,
				078A81F21DF66943001F069B /* Assets.xcassets */,
				070459121DF77E2000A83366 /* Media.xcassets */,
				078A81F71DF66943001F069B /* Info.plist */,
				078A821E1DF66C93001F069B /* Bridging-Header.h */,
			);
			name = "Supporting Files";
			sourceTree = "<group>";
		};
		078A82231DF66CE0001F069B /* Audio */ = {
			isa = PBXGroup;
			children = (
				078A82241DF66CED001F069B /* a440.caf */,
				078A82251DF66CED001F069B /* loudspeakertest.caf */,
			);
			name = Audio;
			sourceTree = "<group>";
		};
		078A82281DF66D51001F069B /* ViewControllers */ = {
			isa = PBXGroup;
			children = (
				078A82431DF66E68001F069B /* SelectEventViewController.swift */,
				078A82441DF66E68001F069B /* SettingsViewController.swift */,
				078A82411DF66E61001F069B /* DownloadPermissionAlertController.swift */,
				078A822F1DF66E1C001F069B /* MainViewController.swift */,
				078A82471DF66E8B001F069B /* Color.swift */,
			);
			name = ViewControllers;
			sourceTree = "<group>";
		};
		078A82291DF66D57001F069B /* Audio Playback */ = {
			isa = PBXGroup;
			children = (
				078A823B1DF66E55001F069B /* AudioPlayerPool.swift */,
				078A823C1DF66E55001F069B /* Fader.swift */,
			);
			name = "Audio Playback";
			sourceTree = "<group>";
		};
		078A822A1DF66D67001F069B /* Score */ = {
			isa = PBXGroup;
			children = (
				078A82311DF66E3B001F069B /* Event.swift */,
				078A82321DF66E3B001F069B /* Event+YAML.swift */,
				078A82331DF66E3B001F069B /* EventCollection.swift */,
				078A82341DF66E3B001F069B /* EventCollection+YAML.swift */,
				078A82351DF66E3B001F069B /* DataStore.swift */,
			);
			name = Score;
			sourceTree = "<group>";
		};
		078A822B1DF66D73001F069B /* Storyboards */ = {
			isa = PBXGroup;
			children = (
				078A822C1DF66DEC001F069B /* Main.storyboard */,
			);
			name = Storyboards;
			sourceTree = "<group>";
		};
		078A824B1DF66ED3001F069B /* YamlSwift */ = {
			isa = PBXGroup;
			children = (
				078A82581DF67255001F069B /* Yaml.swift */,
				078A82591DF67255001F069B /* YAMLOperators.swift */,
				078A825A1DF67255001F069B /* YAMLParser.swift */,
				078A825B1DF67255001F069B /* YAMLRegex.swift */,
				078A825C1DF67255001F069B /* YAMLResult.swift */,
				078A825D1DF67255001F069B /* YAMLTokenizer.swift */,
			);
			name = YamlSwift;
			sourceTree = "<group>";
		};
/* End PBXGroup section */

/* Begin PBXNativeTarget section */
		078A81E71DF66942001F069B /* Voice Unrooted iOS */ = {
			isa = PBXNativeTarget;
			buildConfigurationList = 078A82051DF66943001F069B /* Build configuration list for PBXNativeTarget "Voice Unrooted iOS" */;
			buildPhases = (
				078A81E41DF66942001F069B /* Sources */,
				078A81E51DF66942001F069B /* Frameworks */,
				078A81E61DF66942001F069B /* Resources */,
				078A820B1DF66B3A001F069B /* ShellScript */,
				070E2A281DF773F4008F4845 /* Embed Frameworks */,
			);
			buildRules = (
			);
			dependencies = (
			);
			name = "Voice Unrooted iOS";
			productName = "Voice Unrooted iOS";
			productReference = 078A81E81DF66942001F069B /* Voice Unrooted iOS.app */;
			productType = "com.apple.product-type.application";
		};
		078A81FB1DF66943001F069B /* Voice Unrooted iOSTests */ = {
			isa = PBXNativeTarget;
			buildConfigurationList = 078A82081DF66943001F069B /* Build configuration list for PBXNativeTarget "Voice Unrooted iOSTests" */;
			buildPhases = (
				078A81F81DF66943001F069B /* Sources */,
				078A81F91DF66943001F069B /* Frameworks */,
				078A81FA1DF66943001F069B /* Resources */,
			);
			buildRules = (
			);
			dependencies = (
				078A81FE1DF66943001F069B /* PBXTargetDependency */,
			);
			name = "Voice Unrooted iOSTests";
			productName = "Voice Unrooted iOSTests";
			productReference = 078A81FC1DF66943001F069B /* Voice Unrooted iOSTests.xctest */;
			productType = "com.apple.product-type.bundle.unit-test";
		};
/* End PBXNativeTarget section */

/* Begin PBXProject section */
		078A81E01DF66942001F069B /* Project object */ = {
			isa = PBXProject;
			attributes = {
				LastSwiftUpdateCheck = 0800;
				LastUpgradeCheck = 0810;
				ORGANIZATIONNAME = "James Bean";
				TargetAttributes = {
					078A81E71DF66942001F069B = {
						CreatedOnToolsVersion = 8.0;
						DevelopmentTeam = F8LCL8SXLX;
						LastSwiftMigration = 0800;
						ProvisioningStyle = Automatic;
					};
					078A81FB1DF66943001F069B = {
						CreatedOnToolsVersion = 8.0;
						DevelopmentTeam = F8LCL8SXLX;
						ProvisioningStyle = Automatic;
						TestTargetID = 078A81E71DF66942001F069B;
					};
				};
			};
			buildConfigurationList = 078A81E31DF66942001F069B /* Build configuration list for PBXProject "Voice Unrooted iOS" */;
			compatibilityVersion = "Xcode 3.2";
			developmentRegion = English;
			hasScannedForEncodings = 0;
			knownRegions = (
				en,
				Base,
			);
			mainGroup = 078A81DF1DF66942001F069B;
			productRefGroup = 078A81E91DF66942001F069B /* Products */;
			projectDirPath = "";
			projectRoot = "";
			targets = (
				078A81E71DF66942001F069B /* Voice Unrooted iOS */,
				078A81FB1DF66943001F069B /* Voice Unrooted iOSTests */,
			);
		};
/* End PBXProject section */

/* Begin PBXResourcesBuildPhase section */
		078A81E61DF66942001F069B /* Resources */ = {
			isa = PBXResourcesBuildPhase;
			buildActionMask = 2147483647;
			files = (
				078A81F61DF66943001F069B /* LaunchScreen.storyboard in Resources */,
				078A822D1DF66DEC001F069B /* Main.storyboard in Resources */,
				078A82261DF66CED001F069B /* a440.caf in Resources */,
				078A81F31DF66943001F069B /* Assets.xcassets in Resources */,
				070459131DF77E2000A83366 /* Media.xcassets in Resources */,
				078A82271DF66CED001F069B /* loudspeakertest.caf in Resources */,
			);
			runOnlyForDeploymentPostprocessing = 0;
		};
		078A81FA1DF66943001F069B /* Resources */ = {
			isa = PBXResourcesBuildPhase;
			buildActionMask = 2147483647;
			files = (
			);
			runOnlyForDeploymentPostprocessing = 0;
		};
/* End PBXResourcesBuildPhase section */

/* Begin PBXShellScriptBuildPhase section */
		078A820B1DF66B3A001F069B /* ShellScript */ = {
			isa = PBXShellScriptBuildPhase;
			buildActionMask = 2147483647;
			files = (
			);
			inputPaths = (
				"$(SRCROOT)/Carthage/Build/iOS/ArithmeticTools.framework",
				"$(SRCROOT)/Carthage/Build/iOS/ArrayTools.framework",
				"$(SRCROOT)/Carthage/Build/iOS/DictionaryTools.framework",
				"$(SRCROOT)/Carthage/Build/iOS/Timeline.framework",
				"$(SRCROOT)/Carthage/Build/iOS/Audiokit.framework",
				"$(SRCROOT)/Carthage/Build/iOS/ProgressBar.framework",
				"$(SRCROOT)/Carthage/Build/iOS/Alamofire.framework",
			);
			outputPaths = (
			);
			runOnlyForDeploymentPostprocessing = 0;
			shellPath = /bin/sh;
			shellScript = "/usr/local/bin/carthage copy-frameworks";
		};
/* End PBXShellScriptBuildPhase section */

/* Begin PBXSourcesBuildPhase section */
		078A81E41DF66942001F069B /* Sources */ = {
			isa = PBXSourcesBuildPhase;
			buildActionMask = 2147483647;
			files = (
				078A82451DF66E68001F069B /* SelectEventViewController.swift in Sources */,
				078A82391DF66E3B001F069B /* EventCollection+YAML.swift in Sources */,
				078A825F1DF67255001F069B /* YAMLOperators.swift in Sources */,
				078A82601DF67255001F069B /* YAMLParser.swift in Sources */,
				078A82481DF66E8B001F069B /* Color.swift in Sources */,
				078A82421DF66E61001F069B /* DownloadPermissionAlertController.swift in Sources */,
				078A823E1DF66E55001F069B /* AudioPlayerPool.swift in Sources */,
				078A81EC1DF66942001F069B /* AppDelegate.swift in Sources */,
				078A82461DF66E68001F069B /* SettingsViewController.swift in Sources */,
				078A823F1DF66E55001F069B /* Fader.swift in Sources */,
				078A82371DF66E3B001F069B /* Event+YAML.swift in Sources */,
				078A82301DF66E1C001F069B /* MainViewController.swift in Sources */,
				078A82631DF67255001F069B /* YAMLTokenizer.swift in Sources */,
				078A82361DF66E3B001F069B /* Event.swift in Sources */,
				078A82621DF67255001F069B /* YAMLResult.swift in Sources */,
				078A824A1DF66E90001F069B /* DefaultValues.swift in Sources */,
				078A82661DF6765A001F069B /* ProgressMeterView.m in Sources */,
				078A82611DF67255001F069B /* YAMLRegex.swift in Sources */,
				078A825E1DF67255001F069B /* Yaml.swift in Sources */,
				078A823A1DF66E3B001F069B /* DataStore.swift in Sources */,
				078A82381DF66E3B001F069B /* EventCollection.swift in Sources */,
			);
			runOnlyForDeploymentPostprocessing = 0;
		};
		078A81F81DF66943001F069B /* Sources */ = {
			isa = PBXSourcesBuildPhase;
			buildActionMask = 2147483647;
			files = (
				078A82011DF66943001F069B /* Voice_Unrooted_iOSTests.swift in Sources */,
			);
			runOnlyForDeploymentPostprocessing = 0;
		};
/* End PBXSourcesBuildPhase section */

/* Begin PBXTargetDependency section */
		078A81FE1DF66943001F069B /* PBXTargetDependency */ = {
			isa = PBXTargetDependency;
			target = 078A81E71DF66942001F069B /* Voice Unrooted iOS */;
			targetProxy = 078A81FD1DF66943001F069B /* PBXContainerItemProxy */;
		};
/* End PBXTargetDependency section */

/* Begin PBXVariantGroup section */
		078A81F41DF66943001F069B /* LaunchScreen.storyboard */ = {
			isa = PBXVariantGroup;
			children = (
				078A81F51DF66943001F069B /* Base */,
			);
			name = LaunchScreen.storyboard;
			sourceTree = "<group>";
		};
/* End PBXVariantGroup section */

/* Begin XCBuildConfiguration section */
		078A82031DF66943001F069B /* Debug */ = {
			isa = XCBuildConfiguration;
			buildSettings = {
				ALWAYS_SEARCH_USER_PATHS = NO;
				CLANG_ANALYZER_NONNULL = YES;
				CLANG_CXX_LANGUAGE_STANDARD = "gnu++0x";
				CLANG_CXX_LIBRARY = "libc++";
				CLANG_ENABLE_MODULES = YES;
				CLANG_ENABLE_OBJC_ARC = YES;
				CLANG_WARN_BOOL_CONVERSION = YES;
				CLANG_WARN_CONSTANT_CONVERSION = YES;
				CLANG_WARN_DIRECT_OBJC_ISA_USAGE = YES_ERROR;
				CLANG_WARN_DOCUMENTATION_COMMENTS = YES;
				CLANG_WARN_EMPTY_BODY = YES;
				CLANG_WARN_ENUM_CONVERSION = YES;
				CLANG_WARN_INFINITE_RECURSION = YES;
				CLANG_WARN_INT_CONVERSION = YES;
				CLANG_WARN_OBJC_ROOT_CLASS = YES_ERROR;
				CLANG_WARN_SUSPICIOUS_MOVE = YES;
				CLANG_WARN_SUSPICIOUS_MOVES = YES;
				CLANG_WARN_UNREACHABLE_CODE = YES;
				CLANG_WARN__DUPLICATE_METHOD_MATCH = YES;
				"CODE_SIGN_IDENTITY[sdk=iphoneos*]" = "iPhone Developer";
				COPY_PHASE_STRIP = NO;
				DEBUG_INFORMATION_FORMAT = dwarf;
				ENABLE_STRICT_OBJC_MSGSEND = YES;
				ENABLE_TESTABILITY = YES;
				GCC_C_LANGUAGE_STANDARD = gnu99;
				GCC_DYNAMIC_NO_PIC = NO;
				GCC_NO_COMMON_BLOCKS = YES;
				GCC_OPTIMIZATION_LEVEL = 0;
				GCC_PREPROCESSOR_DEFINITIONS = (
					"DEBUG=1",
					"$(inherited)",
				);
				GCC_WARN_64_TO_32_BIT_CONVERSION = YES;
				GCC_WARN_ABOUT_RETURN_TYPE = YES_ERROR;
				GCC_WARN_UNDECLARED_SELECTOR = YES;
				GCC_WARN_UNINITIALIZED_AUTOS = YES_AGGRESSIVE;
				GCC_WARN_UNUSED_FUNCTION = YES;
				GCC_WARN_UNUSED_VARIABLE = YES;
				IPHONEOS_DEPLOYMENT_TARGET = 9.0;
				MTL_ENABLE_DEBUG_INFO = YES;
				ONLY_ACTIVE_ARCH = YES;
				SDKROOT = iphoneos;
				SWIFT_ACTIVE_COMPILATION_CONDITIONS = DEBUG;
				SWIFT_OPTIMIZATION_LEVEL = "-Onone";
				TARGETED_DEVICE_FAMILY = "1,2";
			};
			name = Debug;
		};
		078A82041DF66943001F069B /* Release */ = {
			isa = XCBuildConfiguration;
			buildSettings = {
				ALWAYS_SEARCH_USER_PATHS = NO;
				CLANG_ANALYZER_NONNULL = YES;
				CLANG_CXX_LANGUAGE_STANDARD = "gnu++0x";
				CLANG_CXX_LIBRARY = "libc++";
				CLANG_ENABLE_MODULES = YES;
				CLANG_ENABLE_OBJC_ARC = YES;
				CLANG_WARN_BOOL_CONVERSION = YES;
				CLANG_WARN_CONSTANT_CONVERSION = YES;
				CLANG_WARN_DIRECT_OBJC_ISA_USAGE = YES_ERROR;
				CLANG_WARN_DOCUMENTATION_COMMENTS = YES;
				CLANG_WARN_EMPTY_BODY = YES;
				CLANG_WARN_ENUM_CONVERSION = YES;
				CLANG_WARN_INFINITE_RECURSION = YES;
				CLANG_WARN_INT_CONVERSION = YES;
				CLANG_WARN_OBJC_ROOT_CLASS = YES_ERROR;
				CLANG_WARN_SUSPICIOUS_MOVE = YES;
				CLANG_WARN_SUSPICIOUS_MOVES = YES;
				CLANG_WARN_UNREACHABLE_CODE = YES;
				CLANG_WARN__DUPLICATE_METHOD_MATCH = YES;
				"CODE_SIGN_IDENTITY[sdk=iphoneos*]" = "iPhone Developer";
				COPY_PHASE_STRIP = NO;
				DEBUG_INFORMATION_FORMAT = "dwarf-with-dsym";
				ENABLE_NS_ASSERTIONS = NO;
				ENABLE_STRICT_OBJC_MSGSEND = YES;
				GCC_C_LANGUAGE_STANDARD = gnu99;
				GCC_NO_COMMON_BLOCKS = YES;
				GCC_WARN_64_TO_32_BIT_CONVERSION = YES;
				GCC_WARN_ABOUT_RETURN_TYPE = YES_ERROR;
				GCC_WARN_UNDECLARED_SELECTOR = YES;
				GCC_WARN_UNINITIALIZED_AUTOS = YES_AGGRESSIVE;
				GCC_WARN_UNUSED_FUNCTION = YES;
				GCC_WARN_UNUSED_VARIABLE = YES;
				IPHONEOS_DEPLOYMENT_TARGET = 9.0;
				MTL_ENABLE_DEBUG_INFO = NO;
				SDKROOT = iphoneos;
				SWIFT_OPTIMIZATION_LEVEL = "-Owholemodule";
				TARGETED_DEVICE_FAMILY = "1,2";
				VALIDATE_PRODUCT = YES;
			};
			name = Release;
		};
		078A82061DF66943001F069B /* Debug */ = {
			isa = XCBuildConfiguration;
			buildSettings = {
				ASSETCATALOG_COMPILER_APPICON_NAME = AppIcon;
				CLANG_ENABLE_MODULES = YES;
				DEVELOPMENT_TEAM = F8LCL8SXLX;
				ENABLE_BITCODE = NO;
				FRAMEWORK_SEARCH_PATHS = (
					"$(inherited)",
					"$(PROJECT_DIR)/Carthage/Build/iOS",
				);
				INFOPLIST_FILE = "Voice Unrooted iOS/Info.plist";
				IPHONEOS_DEPLOYMENT_TARGET = 9.0;
				LD_RUNPATH_SEARCH_PATHS = "$(inherited) @executable_path/Frameworks $(PROJECT_DIR)/Carthage/Build/iOS";
				PRODUCT_BUNDLE_IDENTIFIER = "com.bean.Voice-Unrooted-iOS";
				PRODUCT_NAME = "$(TARGET_NAME)";
				SWIFT_OBJC_BRIDGING_HEADER = "Bridging-Header.h";
				SWIFT_OPTIMIZATION_LEVEL = "-Onone";
				SWIFT_VERSION = 3.0;
				TARGETED_DEVICE_FAMILY = "1,2";
			};
			name = Debug;
		};
		078A82071DF66943001F069B /* Release */ = {
			isa = XCBuildConfiguration;
			buildSettings = {
				ASSETCATALOG_COMPILER_APPICON_NAME = AppIcon;
				CLANG_ENABLE_MODULES = YES;
				DEVELOPMENT_TEAM = F8LCL8SXLX;
				ENABLE_BITCODE = NO;
				FRAMEWORK_SEARCH_PATHS = (
					"$(inherited)",
					"$(PROJECT_DIR)/Carthage/Build/iOS",
				);
				INFOPLIST_FILE = "Voice Unrooted iOS/Info.plist";
				IPHONEOS_DEPLOYMENT_TARGET = 9.0;
				LD_RUNPATH_SEARCH_PATHS = "$(inherited) @executable_path/Frameworks $(PROJECT_DIR)/Carthage/Build/iOS";
				PRODUCT_BUNDLE_IDENTIFIER = "com.bean.Voice-Unrooted-iOS";
				PRODUCT_NAME = "$(TARGET_NAME)";
				SWIFT_OBJC_BRIDGING_HEADER = "Bridging-Header.h";
				SWIFT_VERSION = 3.0;
				TARGETED_DEVICE_FAMILY = "1,2";
			};
			name = Release;
		};
		078A82091DF66943001F069B /* Debug */ = {
			isa = XCBuildConfiguration;
			buildSettings = {
				ALWAYS_EMBED_SWIFT_STANDARD_LIBRARIES = YES;
				BUNDLE_LOADER = "$(TEST_HOST)";
				DEVELOPMENT_TEAM = F8LCL8SXLX;
				INFOPLIST_FILE = "Voice Unrooted iOSTests/Info.plist";
				LD_RUNPATH_SEARCH_PATHS = "$(inherited) @executable_path/Frameworks @loader_path/Frameworks";
				PRODUCT_BUNDLE_IDENTIFIER = "com.bean.Voice-Unrooted-iOSTests";
				PRODUCT_NAME = "$(TARGET_NAME)";
				SWIFT_VERSION = 3.0;
				TEST_HOST = "$(BUILT_PRODUCTS_DIR)/Voice Unrooted iOS.app/Voice Unrooted iOS";
			};
			name = Debug;
		};
		078A820A1DF66943001F069B /* Release */ = {
			isa = XCBuildConfiguration;
			buildSettings = {
				ALWAYS_EMBED_SWIFT_STANDARD_LIBRARIES = YES;
				BUNDLE_LOADER = "$(TEST_HOST)";
				DEVELOPMENT_TEAM = F8LCL8SXLX;
				INFOPLIST_FILE = "Voice Unrooted iOSTests/Info.plist";
				LD_RUNPATH_SEARCH_PATHS = "$(inherited) @executable_path/Frameworks @loader_path/Frameworks";
				PRODUCT_BUNDLE_IDENTIFIER = "com.bean.Voice-Unrooted-iOSTests";
				PRODUCT_NAME = "$(TARGET_NAME)";
				SWIFT_VERSION = 3.0;
				TEST_HOST = "$(BUILT_PRODUCTS_DIR)/Voice Unrooted iOS.app/Voice Unrooted iOS";
			};
			name = Release;
		};
/* End XCBuildConfiguration section */

/* Begin XCConfigurationList section */
		078A81E31DF66942001F069B /* Build configuration list for PBXProject "Voice Unrooted iOS" */ = {
			isa = XCConfigurationList;
			buildConfigurations = (
				078A82031DF66943001F069B /* Debug */,
				078A82041DF66943001F069B /* Release */,
			);
			defaultConfigurationIsVisible = 0;
			defaultConfigurationName = Release;
		};
		078A82051DF66943001F069B /* Build configuration list for PBXNativeTarget "Voice Unrooted iOS" */ = {
			isa = XCConfigurationList;
			buildConfigurations = (
				078A82061DF66943001F069B /* Debug */,
				078A82071DF66943001F069B /* Release */,
			);
			defaultConfigurationIsVisible = 0;
			defaultConfigurationName = Release;
		};
		078A82081DF66943001F069B /* Build configuration list for PBXNativeTarget "Voice Unrooted iOSTests" */ = {
			isa = XCConfigurationList;
			buildConfigurations = (
				078A82091DF66943001F069B /* Debug */,
				078A820A1DF66943001F069B /* Release */,
			);
			defaultConfigurationIsVisible = 0;
			defaultConfigurationName = Release;
		};
/* End XCConfigurationList section */
	};
	rootObject = 078A81E01DF66942001F069B /* Project object */;
}
